// !$*UTF8*$!
{
	archiveVersion = 1;
	classes = {
	};
	objectVersion = 50;
	objects = {

/* Begin PBXBuildFile section */
		7F82D5795E2293241B8DA08E /* Pods_JenkinsTest.framework in Frameworks */ = {isa = PBXBuildFile; fileRef = CBBD4159AE34A419E51A56DE /* Pods_JenkinsTest.framework */; };
		E00A919E20AAC9C500D34F0D /* AppDelegate.swift in Sources */ = {isa = PBXBuildFile; fileRef = E00A919D20AAC9C500D34F0D /* AppDelegate.swift */; };
		E00A91A020AAC9C500D34F0D /* ViewController.swift in Sources */ = {isa = PBXBuildFile; fileRef = E00A919F20AAC9C500D34F0D /* ViewController.swift */; };
		E00A91A320AAC9C500D34F0D /* Main.storyboard in Resources */ = {isa = PBXBuildFile; fileRef = E00A91A120AAC9C500D34F0D /* Main.storyboard */; };
		E00A91A620AAC9C500D34F0D /* JenkinsTest.xcdatamodeld in Sources */ = {isa = PBXBuildFile; fileRef = E00A91A420AAC9C500D34F0D /* JenkinsTest.xcdatamodeld */; };
		E00A91A820AAC9C600D34F0D /* Assets.xcassets in Resources */ = {isa = PBXBuildFile; fileRef = E00A91A720AAC9C600D34F0D /* Assets.xcassets */; };
		E00A91AB20AAC9C600D34F0D /* LaunchScreen.storyboard in Resources */ = {isa = PBXBuildFile; fileRef = E00A91A920AAC9C600D34F0D /* LaunchScreen.storyboard */; };
		E0D4713920AAD7F200B90350 /* ExportOptions.plist in Resources */ = {isa = PBXBuildFile; fileRef = E0D4713820AAD7F200B90350 /* ExportOptions.plist */; };
/* End PBXBuildFile section */

/* Begin PBXFileReference section */
		9B3F5B00D5FB40A93C35CFA6 /* Pods-JenkinsTest.debug.xcconfig */ = {isa = PBXFileReference; includeInIndex = 1; lastKnownFileType = text.xcconfig; name = "Pods-JenkinsTest.debug.xcconfig"; path = "Pods/Target Support Files/Pods-JenkinsTest/Pods-JenkinsTest.debug.xcconfig"; sourceTree = "<group>"; };
		B5C9FB34A9ED1E730A0FBE3B /* Pods-JenkinsTest.release.xcconfig */ = {isa = PBXFileReference; includeInIndex = 1; lastKnownFileType = text.xcconfig; name = "Pods-JenkinsTest.release.xcconfig"; path = "Pods/Target Support Files/Pods-JenkinsTest/Pods-JenkinsTest.release.xcconfig"; sourceTree = "<group>"; };
		CBBD4159AE34A419E51A56DE /* Pods_JenkinsTest.framework */ = {isa = PBXFileReference; explicitFileType = wrapper.framework; includeInIndex = 0; path = Pods_JenkinsTest.framework; sourceTree = BUILT_PRODUCTS_DIR; };
		E00A919A20AAC9C500D34F0D /* JenkinsTest.app */ = {isa = PBXFileReference; explicitFileType = wrapper.application; includeInIndex = 0; path = JenkinsTest.app; sourceTree = BUILT_PRODUCTS_DIR; };
		E00A919D20AAC9C500D34F0D /* AppDelegate.swift */ = {isa = PBXFileReference; lastKnownFileType = sourcecode.swift; path = AppDelegate.swift; sourceTree = "<group>"; };
		E00A919F20AAC9C500D34F0D /* ViewController.swift */ = {isa = PBXFileReference; lastKnownFileType = sourcecode.swift; path = ViewController.swift; sourceTree = "<group>"; };
		E00A91A220AAC9C500D34F0D /* Base */ = {isa = PBXFileReference; lastKnownFileType = file.storyboard; name = Base; path = Base.lproj/Main.storyboard; sourceTree = "<group>"; };
		E00A91A520AAC9C500D34F0D /* JenkinsTest.xcdatamodel */ = {isa = PBXFileReference; lastKnownFileType = wrapper.xcdatamodel; path = JenkinsTest.xcdatamodel; sourceTree = "<group>"; };
		E00A91A720AAC9C600D34F0D /* Assets.xcassets */ = {isa = PBXFileReference; lastKnownFileType = folder.assetcatalog; path = Assets.xcassets; sourceTree = "<group>"; };
		E00A91AA20AAC9C600D34F0D /* Base */ = {isa = PBXFileReference; lastKnownFileType = file.storyboard; name = Base; path = Base.lproj/LaunchScreen.storyboard; sourceTree = "<group>"; };
		E00A91AC20AAC9C600D34F0D /* Info.plist */ = {isa = PBXFileReference; lastKnownFileType = text.plist.xml; path = Info.plist; sourceTree = "<group>"; };
		E0D4713820AAD7F200B90350 /* ExportOptions.plist */ = {isa = PBXFileReference; lastKnownFileType = text.plist.xml; path = ExportOptions.plist; sourceTree = "<group>"; };
/* End PBXFileReference section */

/* Begin PBXFrameworksBuildPhase section */
		E00A919720AAC9C500D34F0D /* Frameworks */ = {
			isa = PBXFrameworksBuildPhase;
			buildActionMask = 2147483647;
			files = (
				7F82D5795E2293241B8DA08E /* Pods_JenkinsTest.framework in Frameworks */,
			);
			runOnlyForDeploymentPostprocessing = 0;
		};
/* End PBXFrameworksBuildPhase section */

/* Begin PBXGroup section */
		0DEB6B4CACD657D0AF7A2C24 /* Pods */ = {
			isa = PBXGroup;
			children = (
				9B3F5B00D5FB40A93C35CFA6 /* Pods-JenkinsTest.debug.xcconfig */,
				B5C9FB34A9ED1E730A0FBE3B /* Pods-JenkinsTest.release.xcconfig */,
			);
			name = Pods;
			sourceTree = "<group>";
		};
		507B4C300F142B2968C0F051 /* Frameworks */ = {
			isa = PBXGroup;
			children = (
				CBBD4159AE34A419E51A56DE /* Pods_JenkinsTest.framework */,
			);
			name = Frameworks;
			sourceTree = "<group>";
		};
		E00A919120AAC9C400D34F0D = {
			isa = PBXGroup;
			children = (
				E0D4713820AAD7F200B90350 /* ExportOptions.plist */,
				E00A919C20AAC9C500D34F0D /* JenkinsTest */,
				E00A919B20AAC9C500D34F0D /* Products */,
				0DEB6B4CACD657D0AF7A2C24 /* Pods */,
				507B4C300F142B2968C0F051 /* Frameworks */,
			);
			sourceTree = "<group>";
		};
		E00A919B20AAC9C500D34F0D /* Products */ = {
			isa = PBXGroup;
			children = (
				E00A919A20AAC9C500D34F0D /* JenkinsTest.app */,
			);
			name = Products;
			sourceTree = "<group>";
		};
		E00A919C20AAC9C500D34F0D /* JenkinsTest */ = {
			isa = PBXGroup;
			children = (
				E00A919D20AAC9C500D34F0D /* AppDelegate.swift */,
				E00A919F20AAC9C500D34F0D /* ViewController.swift */,
				E00A91A120AAC9C500D34F0D /* Main.storyboard */,
				E00A91A720AAC9C600D34F0D /* Assets.xcassets */,
				E00A91A920AAC9C600D34F0D /* LaunchScreen.storyboard */,
				E00A91AC20AAC9C600D34F0D /* Info.plist */,
				E00A91A420AAC9C500D34F0D /* JenkinsTest.xcdatamodeld */,
			);
			path = JenkinsTest;
			sourceTree = "<group>";
		};
/* End PBXGroup section */

/* Begin PBXNativeTarget section */
		E00A919920AAC9C500D34F0D /* JenkinsTest */ = {
			isa = PBXNativeTarget;
			buildConfigurationList = E00A91AF20AAC9C600D34F0D /* Build configuration list for PBXNativeTarget "JenkinsTest" */;
			buildPhases = (
				EC87826275BFEBC34323C125 /* [CP] Check Pods Manifest.lock */,
				E00A919620AAC9C500D34F0D /* Sources */,
				E00A919720AAC9C500D34F0D /* Frameworks */,
				E00A919820AAC9C500D34F0D /* Resources */,
				AFDFC5F00F06532E9CBC8083 /* [CP] Embed Pods Frameworks */,
			);
			buildRules = (
			);
			dependencies = (
			);
			name = JenkinsTest;
			productName = JenkinsTest;
			productReference = E00A919A20AAC9C500D34F0D /* JenkinsTest.app */;
			productType = "com.apple.product-type.application";
		};
/* End PBXNativeTarget section */

/* Begin PBXProject section */
		E00A919220AAC9C400D34F0D /* Project object */ = {
			isa = PBXProject;
			attributes = {
				LastSwiftUpdateCheck = 0930;
				LastUpgradeCheck = 0930;
				ORGANIZATIONNAME = "Fouad Astitou";
				TargetAttributes = {
					E00A919920AAC9C500D34F0D = {
						CreatedOnToolsVersion = 9.3.1;
					};
				};
			};
			buildConfigurationList = E00A919520AAC9C400D34F0D /* Build configuration list for PBXProject "JenkinsTest" */;
			compatibilityVersion = "Xcode 9.3";
			developmentRegion = en;
			hasScannedForEncodings = 0;
			knownRegions = (
				en,
				Base,
			);
			mainGroup = E00A919120AAC9C400D34F0D;
			productRefGroup = E00A919B20AAC9C500D34F0D /* Products */;
			projectDirPath = "";
			projectRoot = "";
			targets = (
				E00A919920AAC9C500D34F0D /* JenkinsTest */,
			);
		};
/* End PBXProject section */

/* Begin PBXResourcesBuildPhase section */
		E00A919820AAC9C500D34F0D /* Resources */ = {
			isa = PBXResourcesBuildPhase;
			buildActionMask = 2147483647;
			files = (
				E00A91AB20AAC9C600D34F0D /* LaunchScreen.storyboard in Resources */,
				E00A91A820AAC9C600D34F0D /* Assets.xcassets in Resources */,
				E00A91A320AAC9C500D34F0D /* Main.storyboard in Resources */,
				E0D4713920AAD7F200B90350 /* ExportOptions.plist in Resources */,
			);
			runOnlyForDeploymentPostprocessing = 0;
		};
/* End PBXResourcesBuildPhase section */

/* Begin PBXShellScriptBuildPhase section */
		AFDFC5F00F06532E9CBC8083 /* [CP] Embed Pods Frameworks */ = {
			isa = PBXShellScriptBuildPhase;
			buildActionMask = 2147483647;
			files = (
			);
			inputPaths = (
				"${SRCROOT}/Pods/Target Support Files/Pods-JenkinsTest/Pods-JenkinsTest-frameworks.sh",
				"${BUILT_PRODUCTS_DIR}/SnapKit/SnapKit.framework",
			);
			name = "[CP] Embed Pods Frameworks";
			outputPaths = (
				"${TARGET_BUILD_DIR}/${FRAMEWORKS_FOLDER_PATH}/SnapKit.framework",
			);
			runOnlyForDeploymentPostprocessing = 0;
			shellPath = /bin/sh;
			shellScript = "\"${SRCROOT}/Pods/Target Support Files/Pods-JenkinsTest/Pods-JenkinsTest-frameworks.sh\"\n";
			showEnvVarsInLog = 0;
		};
		EC87826275BFEBC34323C125 /* [CP] Check Pods Manifest.lock */ = {
			isa = PBXShellScriptBuildPhase;
			buildActionMask = 2147483647;
			files = (
			);
			inputPaths = (
				"${PODS_PODFILE_DIR_PATH}/Podfile.lock",
				"${PODS_ROOT}/Manifest.lock",
			);
			name = "[CP] Check Pods Manifest.lock";
			outputPaths = (
				"$(DERIVED_FILE_DIR)/Pods-JenkinsTest-checkManifestLockResult.txt",
			);
			runOnlyForDeploymentPostprocessing = 0;
			shellPath = /bin/sh;
			shellScript = "diff \"${PODS_PODFILE_DIR_PATH}/Podfile.lock\" \"${PODS_ROOT}/Manifest.lock\" > /dev/null\nif [ $? != 0 ] ; then\n    # print error to STDERR\n    echo \"error: The sandbox is not in sync with the Podfile.lock. Run 'pod install' or update your CocoaPods installation.\" >&2\n    exit 1\nfi\n# This output is used by Xcode 'outputs' to avoid re-running this script phase.\necho \"SUCCESS\" > \"${SCRIPT_OUTPUT_FILE_0}\"\n";
			showEnvVarsInLog = 0;
		};
/* End PBXShellScriptBuildPhase section */

/* Begin PBXSourcesBuildPhase section */
		E00A919620AAC9C500D34F0D /* Sources */ = {
			isa = PBXSourcesBuildPhase;
			buildActionMask = 2147483647;
			files = (
				E00A91A620AAC9C500D34F0D /* JenkinsTest.xcdatamodeld in Sources */,
				E00A91A020AAC9C500D34F0D /* ViewController.swift in Sources */,
				E00A919E20AAC9C500D34F0D /* AppDelegate.swift in Sources */,
			);
			runOnlyForDeploymentPostprocessing = 0;
		};
/* End PBXSourcesBuildPhase section */

/* Begin PBXVariantGroup section */
		E00A91A120AAC9C500D34F0D /* Main.storyboard */ = {
			isa = PBXVariantGroup;
			children = (
				E00A91A220AAC9C500D34F0D /* Base */,
			);
			name = Main.storyboard;
			sourceTree = "<group>";
		};
		E00A91A920AAC9C600D34F0D /* LaunchScreen.storyboard */ = {
			isa = PBXVariantGroup;
			children = (
				E00A91AA20AAC9C600D34F0D /* Base */,
			);
			name = LaunchScreen.storyboard;
			sourceTree = "<group>";
		};
/* End PBXVariantGroup section */

/* Begin XCBuildConfiguration section */
		E00A91AD20AAC9C600D34F0D /* Debug */ = {
			isa = XCBuildConfiguration;
			buildSettings = {
				ALWAYS_SEARCH_USER_PATHS = NO;
				CLANG_ANALYZER_NONNULL = YES;
				CLANG_ANALYZER_NUMBER_OBJECT_CONVERSION = YES_AGGRESSIVE;
				CLANG_CXX_LANGUAGE_STANDARD = "gnu++14";
				CLANG_CXX_LIBRARY = "libc++";
				CLANG_ENABLE_MODULES = YES;
				CLANG_ENABLE_OBJC_ARC = YES;
				CLANG_ENABLE_OBJC_WEAK = YES;
				CLANG_WARN_BLOCK_CAPTURE_AUTORELEASING = YES;
				CLANG_WARN_BOOL_CONVERSION = YES;
				CLANG_WARN_COMMA = YES;
				CLANG_WARN_CONSTANT_CONVERSION = YES;
				CLANG_WARN_DEPRECATED_OBJC_IMPLEMENTATIONS = YES;
				CLANG_WARN_DIRECT_OBJC_ISA_USAGE = YES_ERROR;
				CLANG_WARN_DOCUMENTATION_COMMENTS = YES;
				CLANG_WARN_EMPTY_BODY = YES;
				CLANG_WARN_ENUM_CONVERSION = YES;
				CLANG_WARN_INFINITE_RECURSION = YES;
				CLANG_WARN_INT_CONVERSION = YES;
				CLANG_WARN_NON_LITERAL_NULL_CONVERSION = YES;
				CLANG_WARN_OBJC_IMPLICIT_RETAIN_SELF = YES;
				CLANG_WARN_OBJC_LITERAL_CONVERSION = YES;
				CLANG_WARN_OBJC_ROOT_CLASS = YES_ERROR;
				CLANG_WARN_RANGE_LOOP_ANALYSIS = YES;
				CLANG_WARN_STRICT_PROTOTYPES = YES;
				CLANG_WARN_SUSPICIOUS_MOVE = YES;
				CLANG_WARN_UNGUARDED_AVAILABILITY = YES_AGGRESSIVE;
				CLANG_WARN_UNREACHABLE_CODE = YES;
				CLANG_WARN__DUPLICATE_METHOD_MATCH = YES;
				CODE_SIGN_IDENTITY = "iPhone Developer";
				COPY_PHASE_STRIP = NO;
				DEBUG_INFORMATION_FORMAT = dwarf;
				ENABLE_STRICT_OBJC_MSGSEND = YES;
				ENABLE_TESTABILITY = YES;
				GCC_C_LANGUAGE_STANDARD = gnu11;
				GCC_DYNAMIC_NO_PIC = NO;
				GCC_NO_COMMON_BLOCKS = YES;
				GCC_OPTIMIZATION_LEVEL = 0;
				GCC_PREPROCESSOR_DEFINITIONS = (
					"DEBUG=1",
					"$(inherited)",
				);
				GCC_WARN_64_TO_32_BIT_CONVERSION = YES;
				GCC_WARN_ABOUT_RETURN_TYPE = YES_ERROR;
				GCC_WARN_UNDECLARED_SELECTOR = YES;
				GCC_WARN_UNINITIALIZED_AUTOS = YES_AGGRESSIVE;
				GCC_WARN_UNUSED_FUNCTION = YES;
				GCC_WARN_UNUSED_VARIABLE = YES;
				IPHONEOS_DEPLOYMENT_TARGET = 11.3;
				MTL_ENABLE_DEBUG_INFO = YES;
				ONLY_ACTIVE_ARCH = YES;
				SDKROOT = iphoneos;
				SWIFT_ACTIVE_COMPILATION_CONDITIONS = DEBUG;
				SWIFT_OPTIMIZATION_LEVEL = "-Onone";
			};
			name = Debug;
		};
		E00A91AE20AAC9C600D34F0D /* Release */ = {
			isa = XCBuildConfiguration;
			buildSettings = {
				ALWAYS_SEARCH_USER_PATHS = NO;
				CLANG_ANALYZER_NONNULL = YES;
				CLANG_ANALYZER_NUMBER_OBJECT_CONVERSION = YES_AGGRESSIVE;
				CLANG_CXX_LANGUAGE_STANDARD = "gnu++14";
				CLANG_CXX_LIBRARY = "libc++";
				CLANG_ENABLE_MODULES = YES;
				CLANG_ENABLE_OBJC_ARC = YES;
				CLANG_ENABLE_OBJC_WEAK = YES;
				CLANG_WARN_BLOCK_CAPTURE_AUTORELEASING = YES;
				CLANG_WARN_BOOL_CONVERSION = YES;
				CLANG_WARN_COMMA = YES;
				CLANG_WARN_CONSTANT_CONVERSION = YES;
				CLANG_WARN_DEPRECATED_OBJC_IMPLEMENTATIONS = YES;
				CLANG_WARN_DIRECT_OBJC_ISA_USAGE = YES_ERROR;
				CLANG_WARN_DOCUMENTATION_COMMENTS = YES;
				CLANG_WARN_EMPTY_BODY = YES;
				CLANG_WARN_ENUM_CONVERSION = YES;
				CLANG_WARN_INFINITE_RECURSION = YES;
				CLANG_WARN_INT_CONVERSION = YES;
				CLANG_WARN_NON_LITERAL_NULL_CONVERSION = YES;
				CLANG_WARN_OBJC_IMPLICIT_RETAIN_SELF = YES;
				CLANG_WARN_OBJC_LITERAL_CONVERSION = YES;
				CLANG_WARN_OBJC_ROOT_CLASS = YES_ERROR;
				CLANG_WARN_RANGE_LOOP_ANALYSIS = YES;
				CLANG_WARN_STRICT_PROTOTYPES = YES;
				CLANG_WARN_SUSPICIOUS_MOVE = YES;
				CLANG_WARN_UNGUARDED_AVAILABILITY = YES_AGGRESSIVE;
				CLANG_WARN_UNREACHABLE_CODE = YES;
				CLANG_WARN__DUPLICATE_METHOD_MATCH = YES;
				CODE_SIGN_IDENTITY = "iPhone Developer";
				COPY_PHASE_STRIP = NO;
				DEBUG_INFORMATION_FORMAT = "dwarf-with-dsym";
				ENABLE_NS_ASSERTIONS = NO;
				ENABLE_STRICT_OBJC_MSGSEND = YES;
				GCC_C_LANGUAGE_STANDARD = gnu11;
				GCC_NO_COMMON_BLOCKS = YES;
				GCC_WARN_64_TO_32_BIT_CONVERSION = YES;
				GCC_WARN_ABOUT_RETURN_TYPE = YES_ERROR;
				GCC_WARN_UNDECLARED_SELECTOR = YES;
				GCC_WARN_UNINITIALIZED_AUTOS = YES_AGGRESSIVE;
				GCC_WARN_UNUSED_FUNCTION = YES;
				GCC_WARN_UNUSED_VARIABLE = YES;
				IPHONEOS_DEPLOYMENT_TARGET = 11.3;
				MTL_ENABLE_DEBUG_INFO = NO;
				SDKROOT = iphoneos;
				SWIFT_COMPILATION_MODE = wholemodule;
				SWIFT_OPTIMIZATION_LEVEL = "-O";
				VALIDATE_PRODUCT = YES;
			};
			name = Release;
		};
		E00A91B020AAC9C600D34F0D /* Debug */ = {
			isa = XCBuildConfiguration;
			baseConfigurationReference = 9B3F5B00D5FB40A93C35CFA6 /* Pods-JenkinsTest.debug.xcconfig */;
			buildSettings = {
				ASSETCATALOG_COMPILER_APPICON_NAME = AppIcon;
				CODE_SIGN_STYLE = Automatic;
				DEVELOPMENT_TEAM = 9B8P2S8SKP;
				INFOPLIST_FILE = JenkinsTest/Info.plist;
				LD_RUNPATH_SEARCH_PATHS = (
					"$(inherited)",
					"@executable_path/Frameworks",
				);
				PRODUCT_BUNDLE_IDENTIFIER = com.nerdvana.JenkinsTest;
				PRODUCT_NAME = "$(TARGET_NAME)";
				SWIFT_VERSION = 4.0;
				TARGETED_DEVICE_FAMILY = "1,2";
			};
			name = Debug;
		};
		E00A91B120AAC9C600D34F0D /* Release */ = {
			isa = XCBuildConfiguration;
			baseConfigurationReference = B5C9FB34A9ED1E730A0FBE3B /* Pods-JenkinsTest.release.xcconfig */;
			buildSettings = {
				ASSETCATALOG_COMPILER_APPICON_NAME = AppIcon;
				CODE_SIGN_STYLE = Automatic;
				DEVELOPMENT_TEAM = 9B8P2S8SKP;
				INFOPLIST_FILE = JenkinsTest/Info.plist;
				LD_RUNPATH_SEARCH_PATHS = (
					"$(inherited)",
					"@executable_path/Frameworks",
				);
				PRODUCT_BUNDLE_IDENTIFIER = com.nerdvana.JenkinsTest;
				PRODUCT_NAME = "$(TARGET_NAME)";
				SWIFT_VERSION = 4.0;
				TARGETED_DEVICE_FAMILY = "1,2";
			};
			name = Release;
		};
/* End XCBuildConfiguration section */

/* Begin XCConfigurationList section */
		E00A919520AAC9C400D34F0D /* Build configuration list for PBXProject "JenkinsTest" */ = {
			isa = XCConfigurationList;
			buildConfigurations = (
				E00A91AD20AAC9C600D34F0D /* Debug */,
				E00A91AE20AAC9C600D34F0D /* Release */,
			);
			defaultConfigurationIsVisible = 0;
			defaultConfigurationName = Release;
		};
		E00A91AF20AAC9C600D34F0D /* Build configuration list for PBXNativeTarget "JenkinsTest" */ = {
			isa = XCConfigurationList;
			buildConfigurations = (
				E00A91B020AAC9C600D34F0D /* Debug */,
				E00A91B120AAC9C600D34F0D /* Release */,
			);
			defaultConfigurationIsVisible = 0;
			defaultConfigurationName = Release;
		};
/* End XCConfigurationList section */

/* Begin XCVersionGroup section */
		E00A91A420AAC9C500D34F0D /* JenkinsTest.xcdatamodeld */ = {
			isa = XCVersionGroup;
			children = (
				E00A91A520AAC9C500D34F0D /* JenkinsTest.xcdatamodel */,
			);
			currentVersion = E00A91A520AAC9C500D34F0D /* JenkinsTest.xcdatamodel */;
			path = JenkinsTest.xcdatamodeld;
			sourceTree = "<group>";
			versionGroupType = wrapper.xcdatamodel;
		};
/* End XCVersionGroup section */
	};
	rootObject = E00A919220AAC9C400D34F0D /* Project object */;
}
